
Microsoft Visual Studio Solution File, Format Version 12.00
# Visual Studio Version 17
VisualStudioVersion = 17.7.34031.279
MinimumVisualStudioVersion = 10.0.40219.1
Project("{FAE04EC0-301F-11D3-BF4B-00C04F79EFBC}") = "EntityFramework_Hometask_1", "EntityFramework_Hometask_1\EntityFramework_Hometask_1.csproj", "{3700D50B-5FB8-472D-A001-A6085F2C642A}"
EndProject
Project("{FAE04EC0-301F-11D3-BF4B-00C04F79EFBC}") = "Task1", "Task1\Task1.csproj", "{EC18C79A-EBD6-4E80-BEC4-F99AF4C9403F}"
EndProject
Project("{FAE04EC0-301F-11D3-BF4B-00C04F79EFBC}") = "Task3", "Task3\Task3.csproj", "{1ECC8B35-9D3C-4669-BC0A-FF59A90E32C2}"
EndProject
Global
	GlobalSection(SolutionConfigurationPlatforms) = preSolution
		Debug|Any CPU = Debug|Any CPU
		Release|Any CPU = Release|Any CPU
	EndGlobalSection
	GlobalSection(ProjectConfigurationPlatforms) = postSolution
		{3700D50B-5FB8-472D-A001-A6085F2C642A}.Debug|Any CPU.ActiveCfg = Debug|Any CPU
		{3700D50B-5FB8-472D-A001-A6085F2C642A}.Debug|Any CPU.Build.0 = Debug|Any CPU
		{3700D50B-5FB8-472D-A001-A6085F2C642A}.Release|Any CPU.ActiveCfg = Release|Any CPU
		{3700D50B-5FB8-472D-A001-A6085F2C642A}.Release|Any CPU.Build.0 = Release|Any CPU
		{EC18C79A-EBD6-4E80-BEC4-F99AF4C9403F}.Debug|Any CPU.ActiveCfg = Debug|Any CPU
		{EC18C79A-EBD6-4E80-BEC4-F99AF4C9403F}.Debug|Any CPU.Build.0 = Debug|Any CPU
		{EC18C79A-EBD6-4E80-BEC4-F99AF4C9403F}.Release|Any CPU.ActiveCfg = Release|Any CPU
		{EC18C79A-EBD6-4E80-BEC4-F99AF4C9403F}.Release|Any CPU.Build.0 = Release|Any CPU
		{1ECC8B35-9D3C-4669-BC0A-FF59A90E32C2}.Debug|Any CPU.ActiveCfg = Debug|Any CPU
		{1ECC8B35-9D3C-4669-BC0A-FF59A90E32C2}.Debug|Any CPU.Build.0 = Debug|Any CPU
		{1ECC8B35-9D3C-4669-BC0A-FF59A90E32C2}.Release|Any CPU.ActiveCfg = Release|Any CPU
		{1ECC8B35-9D3C-4669-BC0A-FF59A90E32C2}.Release|Any CPU.Build.0 = Release|Any CPU
	EndGlobalSection
	GlobalSection(SolutionProperties) = preSolution
		HideSolutionNode = FALSE
	EndGlobalSection
	GlobalSection(ExtensibilityGlobals) = postSolution
		SolutionGuid = {EF046B5C-2656-4BBD-AAA3-88C12B78F1AF}
	EndGlobalSection
EndGlobal
